
Microsoft Visual Studio Solution File, Format Version 12.00
# Visual Studio Version 17
VisualStudioVersion = 17.2.32602.215
MinimumVisualStudioVersion = 10.0.40219.1
Project("{9A19103F-16F7-4668-BE54-9A1E7A4F7556}") = "dot_net_backend_test", "dot_net_backend_test\dot_net_backend_test.csproj", "{BC8030D3-4FEF-45D8-A4CE-07C5F9F3F5CC}"
EndProject
Project("{9A19103F-16F7-4668-BE54-9A1E7A4F7556}") = "LinqSnippets", "LinqSnippets\LinqSnippets.csproj", "{B131FD09-9BE6-4274-A90D-6AA57F064B95}"
EndProject
Project("{9A19103F-16F7-4668-BE54-9A1E7A4F7556}") = "InternationalizationExample", "InternationalizationExample\InternationalizationExample.csproj", "{DF4B76DB-4F8E-44E1-9FB0-A00D497F2FA8}"
EndProject
Project("{FAE04EC0-301F-11D3-BF4B-00C04F79EFBC}") = "VersioningExample", "VersioningExample\VersioningExample.csproj", "{C8EA07C5-1D35-45C5-A782-D7C14276A8EA}"
EndProject
Project("{FAE04EC0-301F-11D3-BF4B-00C04F79EFBC}") = "FakeStoreAPIProducts", "FakeStoreAPIProducts\FakeStoreAPIProducts.csproj", "{10159F36-864A-4339-B11F-0CD9C61AE055}"
EndProject
Global
	GlobalSection(SolutionConfigurationPlatforms) = preSolution
		Debug|Any CPU = Debug|Any CPU
		Release|Any CPU = Release|Any CPU
	EndGlobalSection
	GlobalSection(ProjectConfigurationPlatforms) = postSolution
		{BC8030D3-4FEF-45D8-A4CE-07C5F9F3F5CC}.Debug|Any CPU.ActiveCfg = Debug|Any CPU
		{BC8030D3-4FEF-45D8-A4CE-07C5F9F3F5CC}.Debug|Any CPU.Build.0 = Debug|Any CPU
		{BC8030D3-4FEF-45D8-A4CE-07C5F9F3F5CC}.Release|Any CPU.ActiveCfg = Release|Any CPU
		{BC8030D3-4FEF-45D8-A4CE-07C5F9F3F5CC}.Release|Any CPU.Build.0 = Release|Any CPU
		{B131FD09-9BE6-4274-A90D-6AA57F064B95}.Debug|Any CPU.ActiveCfg = Debug|Any CPU
		{B131FD09-9BE6-4274-A90D-6AA57F064B95}.Debug|Any CPU.Build.0 = Debug|Any CPU
		{B131FD09-9BE6-4274-A90D-6AA57F064B95}.Release|Any CPU.ActiveCfg = Release|Any CPU
		{B131FD09-9BE6-4274-A90D-6AA57F064B95}.Release|Any CPU.Build.0 = Release|Any CPU
		{DF4B76DB-4F8E-44E1-9FB0-A00D497F2FA8}.Debug|Any CPU.ActiveCfg = Debug|Any CPU
		{DF4B76DB-4F8E-44E1-9FB0-A00D497F2FA8}.Debug|Any CPU.Build.0 = Debug|Any CPU
		{DF4B76DB-4F8E-44E1-9FB0-A00D497F2FA8}.Release|Any CPU.ActiveCfg = Release|Any CPU
		{DF4B76DB-4F8E-44E1-9FB0-A00D497F2FA8}.Release|Any CPU.Build.0 = Release|Any CPU
		{C8EA07C5-1D35-45C5-A782-D7C14276A8EA}.Debug|Any CPU.ActiveCfg = Debug|Any CPU
		{C8EA07C5-1D35-45C5-A782-D7C14276A8EA}.Debug|Any CPU.Build.0 = Debug|Any CPU
		{C8EA07C5-1D35-45C5-A782-D7C14276A8EA}.Release|Any CPU.ActiveCfg = Release|Any CPU
		{C8EA07C5-1D35-45C5-A782-D7C14276A8EA}.Release|Any CPU.Build.0 = Release|Any CPU
		{10159F36-864A-4339-B11F-0CD9C61AE055}.Debug|Any CPU.ActiveCfg = Debug|Any CPU
		{10159F36-864A-4339-B11F-0CD9C61AE055}.Debug|Any CPU.Build.0 = Debug|Any CPU
		{10159F36-864A-4339-B11F-0CD9C61AE055}.Release|Any CPU.ActiveCfg = Release|Any CPU
		{10159F36-864A-4339-B11F-0CD9C61AE055}.Release|Any CPU.Build.0 = Release|Any CPU
	EndGlobalSection
	GlobalSection(SolutionProperties) = preSolution
		HideSolutionNode = FALSE
	EndGlobalSection
	GlobalSection(ExtensibilityGlobals) = postSolution
		SolutionGuid = {A521B0CC-7553-4EF3-84F8-2F7331BC0363}
	EndGlobalSection
EndGlobal
